
Microsoft Visual Studio Solution File, Format Version 12.00
# Visual Studio Version 17
VisualStudioVersion = 17.11.35208.52
MinimumVisualStudioVersion = 10.0.40219.1
Project("{9A19103F-16F7-4668-BE54-9A1E7A4F7556}") = "Assigment03", "Assigment03.csproj", "{9F413A7E-CC59-46EB-9AF4-1DFF3AA20FA3}"
EndProject
Global
	GlobalSection(SolutionConfigurationPlatforms) = preSolution
		Debug|Any CPU = Debug|Any CPU
		Release|Any CPU = Release|Any CPU
	EndGlobalSection
	GlobalSection(ProjectConfigurationPlatforms) = postSolution
		{9F413A7E-CC59-46EB-9AF4-1DFF3AA20FA3}.Debug|Any CPU.ActiveCfg = Debug|Any CPU
		{9F413A7E-CC59-46EB-9AF4-1DFF3AA20FA3}.Debug|Any CPU.Build.0 = Debug|Any CPU
		{9F413A7E-CC59-46EB-9AF4-1DFF3AA20FA3}.Release|Any CPU.ActiveCfg = Release|Any CPU
		{9F413A7E-CC59-46EB-9AF4-1DFF3AA20FA3}.Release|Any CPU.Build.0 = Release|Any CPU
	EndGlobalSection
	GlobalSection(SolutionProperties) = preSolution
		HideSolutionNode = FALSE
	EndGlobalSection
	GlobalSection(ExtensibilityGlobals) = postSolution
		SolutionGuid = {C6B5741C-1863-4DEC-A176-98D2D12CF03B}
	EndGlobalSection
EndGlobal
